
Microsoft Visual Studio Solution File, Format Version 12.00
# Visual Studio 15
VisualStudioVersion = 15.0.26430.16
MinimumVisualStudioVersion = 10.0.40219.1
Project("{FAE04EC0-301F-11D3-BF4B-00C04F79EFBC}") = "Mod1_Lab3", "Mod1_Lab3\Mod1_Lab3.csproj", "{A8509D7C-CA5D-4619-B215-0E3A16856DC4}"
EndProject
Global
	GlobalSection(SolutionConfigurationPlatforms) = preSolution
		Debug|Any CPU = Debug|Any CPU
		Release|Any CPU = Release|Any CPU
	EndGlobalSection
	GlobalSection(ProjectConfigurationPlatforms) = postSolution
		{A8509D7C-CA5D-4619-B215-0E3A16856DC4}.Debug|Any CPU.ActiveCfg = Debug|Any CPU
		{A8509D7C-CA5D-4619-B215-0E3A16856DC4}.Debug|Any CPU.Build.0 = Debug|Any CPU
		{A8509D7C-CA5D-4619-B215-0E3A16856DC4}.Release|Any CPU.ActiveCfg = Release|Any CPU
		{A8509D7C-CA5D-4619-B215-0E3A16856DC4}.Release|Any CPU.Build.0 = Release|Any CPU
	EndGlobalSection
	GlobalSection(SolutionProperties) = preSolution
		HideSolutionNode = FALSE
	EndGlobalSection
EndGlobal
